{
  "name": "tokalytics",
  "version": "2.0.16",
  "lockfileVersion": 3,
  "requires": true,
  "packages": {
    "": {
      "name": "tokalytics",
      "version": "2.0.16",
      "hasInstallScript": true,
      "license": "MIT",
      "bin": {
        "tokalytics": "bin/run.js"
      }
    }
  }
}
